
Microsoft Visual Studio Solution File, Format Version 12.00
# Visual Studio Version 16
VisualStudioVersion = 16.0.31424.327
MinimumVisualStudioVersion = 10.0.40219.1
Project("{FAE04EC0-301F-11D3-BF4B-00C04F79EFBC}") = "WebAPI", "WebAPI\WebAPI.csproj", "{BA2DCFDC-4D27-4452-9E96-0E0A16E927C2}"
EndProject
Global
	GlobalSection(SolutionConfigurationPlatforms) = preSolution
		Debug|Any CPU = Debug|Any CPU
		Release|Any CPU = Release|Any CPU
	EndGlobalSection
	GlobalSection(ProjectConfigurationPlatforms) = postSolution
		{BA2DCFDC-4D27-4452-9E96-0E0A16E927C2}.Debug|Any CPU.ActiveCfg = Debug|Any CPU
		{BA2DCFDC-4D27-4452-9E96-0E0A16E927C2}.Debug|Any CPU.Build.0 = Debug|Any CPU
		{BA2DCFDC-4D27-4452-9E96-0E0A16E927C2}.Release|Any CPU.ActiveCfg = Release|Any CPU
		{BA2DCFDC-4D27-4452-9E96-0E0A16E927C2}.Release|Any CPU.Build.0 = Release|Any CPU
	EndGlobalSection
	GlobalSection(SolutionProperties) = preSolution
		HideSolutionNode = FALSE
	EndGlobalSection
	GlobalSection(ExtensibilityGlobals) = postSolution
		SolutionGuid = {03A32E4B-DE93-4BFA-81BF-AD68C8A57D0D}
	EndGlobalSection
EndGlobal
