
Microsoft Visual Studio Solution File, Format Version 12.00
# Visual Studio Version 16
VisualStudioVersion = 16.0.31424.327
MinimumVisualStudioVersion = 10.0.40219.1
Project("{9A19103F-16F7-4668-BE54-9A1E7A4F7556}") = "WebAPI", "WebAPI\WebAPI.csproj", "{BA2DCFDC-4D27-4452-9E96-0E0A16E927C2}"
EndProject
Project("{9A19103F-16F7-4668-BE54-9A1E7A4F7556}") = "Tests", "Tests\Tests.csproj", "{7AD1DC07-79A1-459B-9877-DFE90FED5731}"
EndProject
Project("{9A19103F-16F7-4668-BE54-9A1E7A4F7556}") = "Contracts", "Contracts\Contracts.csproj", "{1DCF83F1-8BAD-4828-80F4-3F3F52F0BE5A}"
EndProject
Project("{9A19103F-16F7-4668-BE54-9A1E7A4F7556}") = "Core", "Core\Core.csproj", "{3FEB9E7C-242E-44B2-99FE-652AD14E33C1}"
EndProject
Project("{9A19103F-16F7-4668-BE54-9A1E7A4F7556}") = "Common", "Common\Common.csproj", "{D453CB72-BDA2-47BB-8A24-0173A82B4624}"
EndProject
Project("{2150E333-8FDC-42A3-9474-1A3956D46DE8}") = "Solution Items", "Solution Items", "{1A56029C-27A1-4E3C-97F8-91A706963CA2}"
	ProjectSection(SolutionItems) = preProject
		README.md = README.md
	EndProjectSection
EndProject
Global
	GlobalSection(SolutionConfigurationPlatforms) = preSolution
		Debug|Any CPU = Debug|Any CPU
		Release|Any CPU = Release|Any CPU
	EndGlobalSection
	GlobalSection(ProjectConfigurationPlatforms) = postSolution
		{BA2DCFDC-4D27-4452-9E96-0E0A16E927C2}.Debug|Any CPU.ActiveCfg = Debug|Any CPU
		{BA2DCFDC-4D27-4452-9E96-0E0A16E927C2}.Debug|Any CPU.Build.0 = Debug|Any CPU
		{BA2DCFDC-4D27-4452-9E96-0E0A16E927C2}.Release|Any CPU.ActiveCfg = Release|Any CPU
		{BA2DCFDC-4D27-4452-9E96-0E0A16E927C2}.Release|Any CPU.Build.0 = Release|Any CPU
		{7AD1DC07-79A1-459B-9877-DFE90FED5731}.Debug|Any CPU.ActiveCfg = Debug|Any CPU
		{7AD1DC07-79A1-459B-9877-DFE90FED5731}.Debug|Any CPU.Build.0 = Debug|Any CPU
		{7AD1DC07-79A1-459B-9877-DFE90FED5731}.Release|Any CPU.ActiveCfg = Release|Any CPU
		{7AD1DC07-79A1-459B-9877-DFE90FED5731}.Release|Any CPU.Build.0 = Release|Any CPU
		{1DCF83F1-8BAD-4828-80F4-3F3F52F0BE5A}.Debug|Any CPU.ActiveCfg = Debug|Any CPU
		{1DCF83F1-8BAD-4828-80F4-3F3F52F0BE5A}.Debug|Any CPU.Build.0 = Debug|Any CPU
		{1DCF83F1-8BAD-4828-80F4-3F3F52F0BE5A}.Release|Any CPU.ActiveCfg = Release|Any CPU
		{1DCF83F1-8BAD-4828-80F4-3F3F52F0BE5A}.Release|Any CPU.Build.0 = Release|Any CPU
		{3FEB9E7C-242E-44B2-99FE-652AD14E33C1}.Debug|Any CPU.ActiveCfg = Debug|Any CPU
		{3FEB9E7C-242E-44B2-99FE-652AD14E33C1}.Debug|Any CPU.Build.0 = Debug|Any CPU
		{3FEB9E7C-242E-44B2-99FE-652AD14E33C1}.Release|Any CPU.ActiveCfg = Release|Any CPU
		{3FEB9E7C-242E-44B2-99FE-652AD14E33C1}.Release|Any CPU.Build.0 = Release|Any CPU
		{D453CB72-BDA2-47BB-8A24-0173A82B4624}.Debug|Any CPU.ActiveCfg = Debug|Any CPU
		{D453CB72-BDA2-47BB-8A24-0173A82B4624}.Debug|Any CPU.Build.0 = Debug|Any CPU
		{D453CB72-BDA2-47BB-8A24-0173A82B4624}.Release|Any CPU.ActiveCfg = Release|Any CPU
		{D453CB72-BDA2-47BB-8A24-0173A82B4624}.Release|Any CPU.Build.0 = Release|Any CPU
	EndGlobalSection
	GlobalSection(SolutionProperties) = preSolution
		HideSolutionNode = FALSE
	EndGlobalSection
	GlobalSection(ExtensibilityGlobals) = postSolution
		SolutionGuid = {03A32E4B-DE93-4BFA-81BF-AD68C8A57D0D}
	EndGlobalSection
EndGlobal
